
Microsoft Visual Studio Solution File, Format Version 12.00
# Visual Studio Version 17
VisualStudioVersion = 17.7.34024.191
MinimumVisualStudioVersion = 10.0.40219.1
Project("{FAE04EC0-301F-11D3-BF4B-00C04F79EFBC}") = "Electronics_store", "Electronics_store\Electronics_store.csproj", "{13317E61-272F-46EB-8FCB-B23EC3A47901}"
EndProject
Global
	GlobalSection(SolutionConfigurationPlatforms) = preSolution
		Debug|Any CPU = Debug|Any CPU
		Release|Any CPU = Release|Any CPU
	EndGlobalSection
	GlobalSection(ProjectConfigurationPlatforms) = postSolution
		{13317E61-272F-46EB-8FCB-B23EC3A47901}.Debug|Any CPU.ActiveCfg = Debug|Any CPU
		{13317E61-272F-46EB-8FCB-B23EC3A47901}.Debug|Any CPU.Build.0 = Debug|Any CPU
		{13317E61-272F-46EB-8FCB-B23EC3A47901}.Release|Any CPU.ActiveCfg = Release|Any CPU
		{13317E61-272F-46EB-8FCB-B23EC3A47901}.Release|Any CPU.Build.0 = Release|Any CPU
	EndGlobalSection
	GlobalSection(SolutionProperties) = preSolution
		HideSolutionNode = FALSE
	EndGlobalSection
	GlobalSection(ExtensibilityGlobals) = postSolution
		SolutionGuid = {F45DE6D9-237D-4011-B974-8D6483F7765F}
	EndGlobalSection
EndGlobal
